
Microsoft Visual Studio Solution File, Format Version 12.00
# Visual Studio Version 16
VisualStudioVersion = 16.0.30225.117
MinimumVisualStudioVersion = 10.0.40219.1
Project("{FAE04EC0-301F-11D3-BF4B-00C04F79EFBC}") = "SelectionStatements", "SelectionStatements.csproj", "{19F4CCF3-F1FC-44A0-8501-A9C61BA22F11}"
EndProject
Global
	GlobalSection(SolutionConfigurationPlatforms) = preSolution
		Debug|Any CPU = Debug|Any CPU
		Release|Any CPU = Release|Any CPU
	EndGlobalSection
	GlobalSection(ProjectConfigurationPlatforms) = postSolution
		{19F4CCF3-F1FC-44A0-8501-A9C61BA22F11}.Debug|Any CPU.ActiveCfg = Debug|Any CPU
		{19F4CCF3-F1FC-44A0-8501-A9C61BA22F11}.Debug|Any CPU.Build.0 = Debug|Any CPU
		{19F4CCF3-F1FC-44A0-8501-A9C61BA22F11}.Release|Any CPU.ActiveCfg = Release|Any CPU
		{19F4CCF3-F1FC-44A0-8501-A9C61BA22F11}.Release|Any CPU.Build.0 = Release|Any CPU
	EndGlobalSection
	GlobalSection(SolutionProperties) = preSolution
		HideSolutionNode = FALSE
	EndGlobalSection
	GlobalSection(ExtensibilityGlobals) = postSolution
		SolutionGuid = {E508C54C-9C76-4D20-B3EF-50A06B0942C5}
	EndGlobalSection
EndGlobal
